# This file is autogenerated, do not edit; changes may be undone by the next 'dep ensure'.


[[projects]]
  branch = "master"
  name = "github.com/bmizerany/assert"
  packages = ["."]
  revision = "b7ed37b82869576c289d7d97fb2bbd8b64a0cb28"

[[projects]]
  name = "github.com/davecgh/go-spew"
  packages = ["spew"]
  revision = "346938d642f2ec3594ed81d874461961cd0faa76"
  version = "v1.1.0"

[[projects]]
  name = "github.com/kr/pretty"
  packages = ["."]
  revision = "73f6ac0b30a98e433b289500d779f50c1a6f0712"
  version = "v0.1.0"

[[projects]]
  name = "github.com/kr/text"
  packages = ["."]
  revision = "e2ffdb16a802fe2bb95e2e35ff34f0e53aeef34f"
  version = "v0.1.0"

[[projects]]
  branch = "master"
  name = "github.com/meson10/highbrow"
  packages = ["."]
  revision = "88261ca7babdb56d0a2b44e63a1c99ef62a94494"

[[projects]]
  name = "github.com/pmezard/go-difflib"
  packages = ["difflib"]
  revision = "792786c7400a136282c1664665ae0a8db921c6c2"
  version = "v1.0.0"

[[projects]]
  name = "github.com/stretchr/testify"
  packages = [
    "assert",
    "require"
  ]
  revision = "f35b8ab0b5a2cef36673838d662e249dd9c94686"
  version = "v1.2.2"

[solve-meta]
  analyzer-name = "dep"
  analyzer-version = 1
  inputs-digest = "0c7aed52fb8a1b28f8e9be1bc2f484cf13559ef69847a70352ccc18264c5bd59"
  solver-name = "gps-cdcl"
  solver-version = 1
