# This file is autogenerated, do not edit; changes may be undone by the next 'dep ensure'.


[[projects]]
  branch = "master"
  name = "github.com/meson10/highbrow"
  packages = ["."]
  revision = "88261ca7babdb56d0a2b44e63a1c99ef62a94494"

[solve-meta]
  analyzer-name = "dep"
  analyzer-version = 1
  inputs-digest = "86130096db0d168e1616bf7165d6b6725dcbed5052c2b4643a7b49a6cb15df03"
  solver-name = "gps-cdcl"
  solver-version = 1
